
Microsoft Visual Studio Solution File, Format Version 12.00
# Visual Studio 15
VisualStudioVersion = 15.0.26124.0
MinimumVisualStudioVersion = 15.0.26124.0
Project("{2150E333-8FDC-42A3-9474-1A3956D46DE8}") = "src", "src", "{C62B5CFD-8910-4A9E-88D3-F06101806991}"
EndProject
Project("{9A19103F-16F7-4668-BE54-9A1E7A4F7556}") = "AppCore", "src\AppCore\AppCore.csproj", "{F72880B6-3840-42D0-936E-F686DDDA3F38}"
EndProject
Project("{9A19103F-16F7-4668-BE54-9A1E7A4F7556}") = "AppInfrastructure", "src\AppInfrastructure\AppInfrastructure.csproj", "{E20C487A-D9F6-4768-9C68-389CEC1D472C}"
EndProject
Project("{9A19103F-16F7-4668-BE54-9A1E7A4F7556}") = "AppWebapi", "src\AppWebapi\AppWebapi.csproj", "{CBBCAED3-5566-4B9D-84DF-52851E60C3EE}"
EndProject
Project("{2150E333-8FDC-42A3-9474-1A3956D46DE8}") = "tests", "tests", "{035FB9C8-BD89-4F68-BC8E-30C3300AD227}"
EndProject
Project("{9A19103F-16F7-4668-BE54-9A1E7A4F7556}") = "UnitTests", "tests\UnitTests\UnitTests.csproj", "{28F58EFD-C428-4529-959E-7FB8C08AE4E6}"
EndProject
Project("{9A19103F-16F7-4668-BE54-9A1E7A4F7556}") = "AppWeb", "src\AppWeb\AppWeb.csproj", "{A36D660B-1E16-470F-8E9A-4CFBC3B63819}"
EndProject
Global
	GlobalSection(SolutionConfigurationPlatforms) = preSolution
		Debug|Any CPU = Debug|Any CPU
		Debug|x64 = Debug|x64
		Debug|x86 = Debug|x86
		Release|Any CPU = Release|Any CPU
		Release|x64 = Release|x64
		Release|x86 = Release|x86
	EndGlobalSection
	GlobalSection(ProjectConfigurationPlatforms) = postSolution
		{F72880B6-3840-42D0-936E-F686DDDA3F38}.Debug|Any CPU.ActiveCfg = Debug|Any CPU
		{F72880B6-3840-42D0-936E-F686DDDA3F38}.Debug|Any CPU.Build.0 = Debug|Any CPU
		{F72880B6-3840-42D0-936E-F686DDDA3F38}.Debug|x64.ActiveCfg = Debug|Any CPU
		{F72880B6-3840-42D0-936E-F686DDDA3F38}.Debug|x64.Build.0 = Debug|Any CPU
		{F72880B6-3840-42D0-936E-F686DDDA3F38}.Debug|x86.ActiveCfg = Debug|Any CPU
		{F72880B6-3840-42D0-936E-F686DDDA3F38}.Debug|x86.Build.0 = Debug|Any CPU
		{F72880B6-3840-42D0-936E-F686DDDA3F38}.Release|Any CPU.ActiveCfg = Release|Any CPU
		{F72880B6-3840-42D0-936E-F686DDDA3F38}.Release|Any CPU.Build.0 = Release|Any CPU
		{F72880B6-3840-42D0-936E-F686DDDA3F38}.Release|x64.ActiveCfg = Release|Any CPU
		{F72880B6-3840-42D0-936E-F686DDDA3F38}.Release|x64.Build.0 = Release|Any CPU
		{F72880B6-3840-42D0-936E-F686DDDA3F38}.Release|x86.ActiveCfg = Release|Any CPU
		{F72880B6-3840-42D0-936E-F686DDDA3F38}.Release|x86.Build.0 = Release|Any CPU
		{E20C487A-D9F6-4768-9C68-389CEC1D472C}.Debug|Any CPU.ActiveCfg = Debug|Any CPU
		{E20C487A-D9F6-4768-9C68-389CEC1D472C}.Debug|Any CPU.Build.0 = Debug|Any CPU
		{E20C487A-D9F6-4768-9C68-389CEC1D472C}.Debug|x64.ActiveCfg = Debug|Any CPU
		{E20C487A-D9F6-4768-9C68-389CEC1D472C}.Debug|x64.Build.0 = Debug|Any CPU
		{E20C487A-D9F6-4768-9C68-389CEC1D472C}.Debug|x86.ActiveCfg = Debug|Any CPU
		{E20C487A-D9F6-4768-9C68-389CEC1D472C}.Debug|x86.Build.0 = Debug|Any CPU
		{E20C487A-D9F6-4768-9C68-389CEC1D472C}.Release|Any CPU.ActiveCfg = Release|Any CPU
		{E20C487A-D9F6-4768-9C68-389CEC1D472C}.Release|Any CPU.Build.0 = Release|Any CPU
		{E20C487A-D9F6-4768-9C68-389CEC1D472C}.Release|x64.ActiveCfg = Release|Any CPU
		{E20C487A-D9F6-4768-9C68-389CEC1D472C}.Release|x64.Build.0 = Release|Any CPU
		{E20C487A-D9F6-4768-9C68-389CEC1D472C}.Release|x86.ActiveCfg = Release|Any CPU
		{E20C487A-D9F6-4768-9C68-389CEC1D472C}.Release|x86.Build.0 = Release|Any CPU
		{CBBCAED3-5566-4B9D-84DF-52851E60C3EE}.Debug|Any CPU.ActiveCfg = Debug|Any CPU
		{CBBCAED3-5566-4B9D-84DF-52851E60C3EE}.Debug|Any CPU.Build.0 = Debug|Any CPU
		{CBBCAED3-5566-4B9D-84DF-52851E60C3EE}.Debug|x64.ActiveCfg = Debug|Any CPU
		{CBBCAED3-5566-4B9D-84DF-52851E60C3EE}.Debug|x64.Build.0 = Debug|Any CPU
		{CBBCAED3-5566-4B9D-84DF-52851E60C3EE}.Debug|x86.ActiveCfg = Debug|Any CPU
		{CBBCAED3-5566-4B9D-84DF-52851E60C3EE}.Debug|x86.Build.0 = Debug|Any CPU
		{CBBCAED3-5566-4B9D-84DF-52851E60C3EE}.Release|Any CPU.ActiveCfg = Release|Any CPU
		{CBBCAED3-5566-4B9D-84DF-52851E60C3EE}.Release|Any CPU.Build.0 = Release|Any CPU
		{CBBCAED3-5566-4B9D-84DF-52851E60C3EE}.Release|x64.ActiveCfg = Release|Any CPU
		{CBBCAED3-5566-4B9D-84DF-52851E60C3EE}.Release|x64.Build.0 = Release|Any CPU
		{CBBCAED3-5566-4B9D-84DF-52851E60C3EE}.Release|x86.ActiveCfg = Release|Any CPU
		{CBBCAED3-5566-4B9D-84DF-52851E60C3EE}.Release|x86.Build.0 = Release|Any CPU
		{28F58EFD-C428-4529-959E-7FB8C08AE4E6}.Debug|Any CPU.ActiveCfg = Debug|Any CPU
		{28F58EFD-C428-4529-959E-7FB8C08AE4E6}.Debug|Any CPU.Build.0 = Debug|Any CPU
		{28F58EFD-C428-4529-959E-7FB8C08AE4E6}.Debug|x64.ActiveCfg = Debug|Any CPU
		{28F58EFD-C428-4529-959E-7FB8C08AE4E6}.Debug|x64.Build.0 = Debug|Any CPU
		{28F58EFD-C428-4529-959E-7FB8C08AE4E6}.Debug|x86.ActiveCfg = Debug|Any CPU
		{28F58EFD-C428-4529-959E-7FB8C08AE4E6}.Debug|x86.Build.0 = Debug|Any CPU
		{28F58EFD-C428-4529-959E-7FB8C08AE4E6}.Release|Any CPU.ActiveCfg = Release|Any CPU
		{28F58EFD-C428-4529-959E-7FB8C08AE4E6}.Release|Any CPU.Build.0 = Release|Any CPU
		{28F58EFD-C428-4529-959E-7FB8C08AE4E6}.Release|x64.ActiveCfg = Release|Any CPU
		{28F58EFD-C428-4529-959E-7FB8C08AE4E6}.Release|x64.Build.0 = Release|Any CPU
		{28F58EFD-C428-4529-959E-7FB8C08AE4E6}.Release|x86.ActiveCfg = Release|Any CPU
		{28F58EFD-C428-4529-959E-7FB8C08AE4E6}.Release|x86.Build.0 = Release|Any CPU
		{A36D660B-1E16-470F-8E9A-4CFBC3B63819}.Debug|Any CPU.ActiveCfg = Debug|Any CPU
		{A36D660B-1E16-470F-8E9A-4CFBC3B63819}.Debug|Any CPU.Build.0 = Debug|Any CPU
		{A36D660B-1E16-470F-8E9A-4CFBC3B63819}.Debug|x64.ActiveCfg = Debug|Any CPU
		{A36D660B-1E16-470F-8E9A-4CFBC3B63819}.Debug|x64.Build.0 = Debug|Any CPU
		{A36D660B-1E16-470F-8E9A-4CFBC3B63819}.Debug|x86.ActiveCfg = Debug|Any CPU
		{A36D660B-1E16-470F-8E9A-4CFBC3B63819}.Debug|x86.Build.0 = Debug|Any CPU
		{A36D660B-1E16-470F-8E9A-4CFBC3B63819}.Release|Any CPU.ActiveCfg = Release|Any CPU
		{A36D660B-1E16-470F-8E9A-4CFBC3B63819}.Release|Any CPU.Build.0 = Release|Any CPU
		{A36D660B-1E16-470F-8E9A-4CFBC3B63819}.Release|x64.ActiveCfg = Release|Any CPU
		{A36D660B-1E16-470F-8E9A-4CFBC3B63819}.Release|x64.Build.0 = Release|Any CPU
		{A36D660B-1E16-470F-8E9A-4CFBC3B63819}.Release|x86.ActiveCfg = Release|Any CPU
		{A36D660B-1E16-470F-8E9A-4CFBC3B63819}.Release|x86.Build.0 = Release|Any CPU
	EndGlobalSection
	GlobalSection(SolutionProperties) = preSolution
		HideSolutionNode = FALSE
	EndGlobalSection
	GlobalSection(NestedProjects) = preSolution
		{F72880B6-3840-42D0-936E-F686DDDA3F38} = {C62B5CFD-8910-4A9E-88D3-F06101806991}
		{E20C487A-D9F6-4768-9C68-389CEC1D472C} = {C62B5CFD-8910-4A9E-88D3-F06101806991}
		{CBBCAED3-5566-4B9D-84DF-52851E60C3EE} = {C62B5CFD-8910-4A9E-88D3-F06101806991}
		{28F58EFD-C428-4529-959E-7FB8C08AE4E6} = {035FB9C8-BD89-4F68-BC8E-30C3300AD227}
		{A36D660B-1E16-470F-8E9A-4CFBC3B63819} = {C62B5CFD-8910-4A9E-88D3-F06101806991}
	EndGlobalSection
	GlobalSection(ExtensibilityGlobals) = postSolution
		SolutionGuid = {0B5D3AF1-E012-429C-95A7-11A444D6136D}
	EndGlobalSection
EndGlobal
